<?xml version="1.0" encoding="utf-8"?>
<Project ToolsVersion="4.0" xmlns="http://schemas.microsoft.com/developer/msbuild/2003">
  <ItemGroup>
    <Filter Include="Rosewood">
      <UniqueIdentifier>{F7E4F19C-E3B1-4CA8-0CCB-3A50F8F68136}</UniqueIdentifier>
    </Filter>
  </ItemGroup>
  <ItemGroup>
    <ClInclude Include="src\Rosewood.h" />
    <ClInclude Include="src\Rosewood\Application.h">
      <Filter>Rosewood</Filter>
    </ClInclude>
    <ClInclude Include="src\Rosewood\Core.h">
      <Filter>Rosewood</Filter>
    </ClInclude>
    <ClInclude Include="src\Rosewood\EntryPoint.h">
      <Filter>Rosewood</Filter>
    </ClInclude>
    <ClInclude Include="src\Rosewood\Log.h">
      <Filter>Rosewood</Filter>
    </ClInclude>
  </ItemGroup>
  <ItemGroup>
    <ClCompile Include="src\Rosewood\Application.cpp">
      <Filter>Rosewood</Filter>
    </ClCompile>
    <ClCompile Include="src\Rosewood\Log.cpp">
      <Filter>Rosewood</Filter>
    </ClCompile>
  </ItemGroup>
</Project>